NeoBundleLock Align 787662fe90cd057942bc5b682fd70c87e1a9dd77
NeoBundleLock SQLUtilities 566184530da81aa05ae4ac4ba6cf5034292a9b89
NeoBundleLock ctrlp.vim 4b9e7cac612902a25498cca49f13475fe1a821a4
NeoBundleLock jellybeans.vim 36f4f82bd7749928ba4e61a58b2e76effb6ecd66
NeoBundleLock lightline.vim 41fb97e85b0386b976b39051de4f7eaa42ba6b2b
NeoBundleLock molokai c67bdfcdb31415aa0ade7f8c003261700a885476
NeoBundleLock neocomplete.vim 4be617947f3fcf2d725fab20b0e12f8b46c9e2f3
NeoBundleLock nerdtree 6188c5ea5f6fd44e24768ccb889aaa739808d9f3
NeoBundleLock open-browser.vim de4eeb085051e9b56dd5574eba7c7e72feb21246
NeoBundleLock previm 506dccb2a68af2b20e9ee010df51581f3840d28a
NeoBundleLock syntastic d17b98cff364730af34fd853fbbe4fbbae226a3d
NeoBundleLock tender.vim 6b0497a59233b3e67fb528a498069eb1d24743f9
NeoBundleLock vim-atom-dark 44feadcbeb2a8b2a21e373261a6293679f79da94
NeoBundleLock vim-autoclose a9a3b7384657bc1f60a963fd6c08c63fc48d61c3
NeoBundleLock vim-coffee-script 9e3b4de2a476caeb6ff21b5da20966d7c67a98bb
NeoBundleLock vim-colors-pencil a28a0b1e778ae394c495ed34efb89d44a05f11f1
NeoBundleLock vim-colors-wombat fb44c8db8563946de191b1856e3cfffe0cdb622d
NeoBundleLock vim-easymotion 342549e7a1e5b07a030803e0e4b6f0415aa51275
NeoBundleLock vim-go 765aff6cfdebd27657bd796b0736cb05d992a0e6
NeoBundleLock vim-hybrid cc58baabeabc7b83768e25b852bf89c34756bf90
NeoBundleLock vim-markdown 8ace66328c7a2f416671b863cd842712d36c53cc
NeoBundleLock vim-nerdtree-tabs 5fc6c6857028a07e8fe50f0adef28fb20218776b
NeoBundleLock vim-slim b19d372ddc4b00048953dc0f5315490ede343b60
NeoBundleLock vim-vue 2df46524311e719af51394726f5f88fc2aa08bd2
NeoBundleLock vim-vue-syntastic 499102395e122d96c847e87500f3ebe401f526b0
